{
  "name": "compass-sb-styles",
  "version": "0.0.2",
  "lockfileVersion": 2,
  "requires": true,
  "packages": {
    "": {
      "name": "compass-sb-styles",
      "version": "0.0.2",
      "license": "MIT",
      "dependencies": {
        "compass-sb-styles": "file:compass-sb-styles-0.0.2.tgz"
      }
    },
    "node_modules/compass-sb-styles": {
      "version": "0.0.2",
      "resolved": "file:compass-sb-styles-0.0.2.tgz",
      "integrity": "sha512-NRnLLiJiQSFzyG9P9/cIh6lkylAB4DCSyi7EBaE6HqsdDCMjGpWN1YpX2jxchK0ZmcsihSHQWI6HMR9SkpdftQ==",
      "license": "MIT",
      "dependencies": {
        "compass-sb-styles": "file:compass-sb-styles-0.0.2.tgz"
      }
    }
  },
  "dependencies": {
    "compass-sb-styles": {
      "version": "file:compass-sb-styles-0.0.2.tgz",
      "integrity": "sha512-NRnLLiJiQSFzyG9P9/cIh6lkylAB4DCSyi7EBaE6HqsdDCMjGpWN1YpX2jxchK0ZmcsihSHQWI6HMR9SkpdftQ==",
      "requires": {
        "compass-sb-styles": "file:compass-sb-styles-0.0.2.tgz"
      }
    }
  }
}
